# This file is generated by running "yarn install" inside your project.
# Manual changes might be lost - proceed with caution!

__metadata:
  version: 7
  cacheKey: 9

"@actions/cache@npm:^3":
  version: 3.2.2
  resolution: "@actions/cache@npm:3.2.2"
  dependencies:
    "@actions/core": "npm:^1.10.0"
    "@actions/exec": "npm:^1.0.1"
    "@actions/glob": "npm:^0.1.0"
    "@actions/http-client": "npm:^2.1.1"
    "@actions/io": "npm:^1.0.1"
    "@azure/abort-controller": "npm:^1.1.0"
    "@azure/ms-rest-js": "npm:^2.6.0"
    "@azure/storage-blob": "npm:^12.13.0"
    semver: "npm:^6.1.0"
    uuid: "npm:^3.3.3"
  checksum: 398955b89c542b278ab9148e7269825c2d85b9bc0cc6579570c23c28393aaab7136397d61eea3e9d6b6a8ce6c593aa68a8d248ffd263b8b9302ea0015e99bf70
  languageName: node
  linkType: hard

"@actions/core@npm:^1.10.0, @actions/core@npm:^1.2.6":
  version: 1.10.1
  resolution: "@actions/core@npm:1.10.1"
  dependencies:
    "@actions/http-client": "npm:^2.0.1"
    uuid: "npm:^8.3.2"
  checksum: b394352dd8c26e2d2d342970b3fb3de5906750b198490b7a75c02a24f5e2975dbd165ed54b2ee099335fcafedb41905d32bf960601ae7382b775d399c7cacdd2
  languageName: node
  linkType: hard

"@actions/exec@npm:^1.0.0, @actions/exec@npm:^1.0.1, @actions/exec@npm:^1.1.1":
  version: 1.1.1
  resolution: "@actions/exec@npm:1.1.1"
  dependencies:
    "@actions/io": "npm:^1.0.1"
  checksum: 8ad700763072088396736e4fe266da5103b412f049731bb2a8f0374f8739ccc8b6b202488aa579ef5c32508a628476a38d5181f125c4a2be8fa8f9fa3ac6bdfa
  languageName: node
  linkType: hard

"@actions/glob@npm:^0.1.0":
  version: 0.1.2
  resolution: "@actions/glob@npm:0.1.2"
  dependencies:
    "@actions/core": "npm:^1.2.6"
    minimatch: "npm:^3.0.4"
  checksum: 4c9ed263b882520c3d7ca3a4c79cc58d5bdbed25f108093f1feacdf4f1241b1b07796d64f593499cc331ab45396c9b37a4b604ad8f034f564b0894d42829f550
  languageName: node
  linkType: hard

"@actions/http-client@npm:^2.0.1, @actions/http-client@npm:^2.1.1":
  version: 2.1.1
  resolution: "@actions/http-client@npm:2.1.1"
  dependencies:
    tunnel: "npm:^0.0.6"
  checksum: d447dcede3ad46090bc80e0fa96fdcd1eddc48a2a1de06de6f260de6d0056e7c5222f7db8b1f331c95f0c6d72e8ac275747e8e93cce541f547c781b7f50f6a60
  languageName: node
  linkType: hard

"@actions/io@npm:^1.0.1, @actions/io@npm:^1.1.1, @actions/io@npm:^1.1.2":
  version: 1.1.3
  resolution: "@actions/io@npm:1.1.3"
  checksum: 22cf288ad845710cc9c7758d18c6e88d9535f6cb15e9517956ad552acda8748d243d09ac3ec801a9a0f3e3ce57e65607d3515ace6e7fa927410c12c8e908b434
  languageName: node
  linkType: hard

"@actions/tool-cache@npm:^2":
  version: 2.0.1
  resolution: "@actions/tool-cache@npm:2.0.1"
  dependencies:
    "@actions/core": "npm:^1.2.6"
    "@actions/exec": "npm:^1.0.0"
    "@actions/http-client": "npm:^2.0.1"
    "@actions/io": "npm:^1.1.1"
    semver: "npm:^6.1.0"
    uuid: "npm:^3.3.2"
  checksum: 94d66857f1a985517df461a4c9dad72330f577816849c8d72001f29342f2a77359cedf9cae33813053fd9feac686d43f0f07cd79edf03f44521e00a8dda29f1c
  languageName: node
  linkType: hard

"@azure/abort-controller@npm:^1.0.0, @azure/abort-controller@npm:^1.1.0":
  version: 1.1.0
  resolution: "@azure/abort-controller@npm:1.1.0"
  dependencies:
    tslib: "npm:^2.2.0"
  checksum: cadd9101ba86c8bf29e44f5ff485fe5b5a1aa2e43fdc98641f177b9536eb464d8faeb44dbf5e23a3cd829bbaaea94a9f1d731148f0d74ab8d49550f9f6b86708
  languageName: node
  linkType: hard

"@azure/core-auth@npm:^1.1.4, @azure/core-auth@npm:^1.3.0":
  version: 1.5.0
  resolution: "@azure/core-auth@npm:1.5.0"
  dependencies:
    "@azure/abort-controller": "npm:^1.0.0"
    "@azure/core-util": "npm:^1.1.0"
    tslib: "npm:^2.2.0"
  checksum: f410f3a3899d48d75eeb4815b6bb1042cb62cf4f9dd6be612b4926d17b131f931c54a66cbae1b2f179742449fb4af1e909308678c631d1f4c103badf138d56af
  languageName: node
  linkType: hard

"@azure/core-http@npm:^3.0.0":
  version: 3.0.3
  resolution: "@azure/core-http@npm:3.0.3"
  dependencies:
    "@azure/abort-controller": "npm:^1.0.0"
    "@azure/core-auth": "npm:^1.3.0"
    "@azure/core-tracing": "npm:1.0.0-preview.13"
    "@azure/core-util": "npm:^1.1.1"
    "@azure/logger": "npm:^1.0.0"
    "@types/node-fetch": "npm:^2.5.0"
    "@types/tunnel": "npm:^0.0.3"
    form-data: "npm:^4.0.0"
    node-fetch: "npm:^2.6.7"
    process: "npm:^0.11.10"
    tslib: "npm:^2.2.0"
    tunnel: "npm:^0.0.6"
    uuid: "npm:^8.3.0"
    xml2js: "npm:^0.5.0"
  checksum: 03f91f39370eac7eacd26f8a12164cfc0212adf2a1e7f7f66dda1819e480e774606531c7a55d9aab7d066279d4e66f7c34d266bf82d3c8ecd4e60e9c6260220b
  languageName: node
  linkType: hard

"@azure/core-lro@npm:^2.2.0":
  version: 2.5.4
  resolution: "@azure/core-lro@npm:2.5.4"
  dependencies:
    "@azure/abort-controller": "npm:^1.0.0"
    "@azure/core-util": "npm:^1.2.0"
    "@azure/logger": "npm:^1.0.0"
    tslib: "npm:^2.2.0"
  checksum: 1407bca04f25feebb64fa1cac96effba393c4d0a3f3713d2b2ce98bfe572e5d798d20450082b12d5b5e2c2224d385bd6b445b68091e6e1840955d391cdc907a7
  languageName: node
  linkType: hard

"@azure/core-paging@npm:^1.1.1":
  version: 1.5.0
  resolution: "@azure/core-paging@npm:1.5.0"
  dependencies:
    tslib: "npm:^2.2.0"
  checksum: 7f92ac9a002dabf5525b60ec5462dd3b5b96c530fbaec0ce7ea22e3a86930435f5990bcbe5881ea6f56c43a254623148b275f522151f4a8291d1440482393558
  languageName: node
  linkType: hard

"@azure/core-tracing@npm:1.0.0-preview.13":
  version: 1.0.0-preview.13
  resolution: "@azure/core-tracing@npm:1.0.0-preview.13"
  dependencies:
    "@opentelemetry/api": "npm:^1.0.1"
    tslib: "npm:^2.2.0"
  checksum: add536904eebe362c2fc9c6a1f2bd0cd2288ea19040e884417264ae218b961dc7ff700faf35e9503cc8d6c344cd4701e46f7d0c93dba3a50e36f22970122293d
  languageName: node
  linkType: hard

"@azure/core-util@npm:^1.1.0, @azure/core-util@npm:^1.1.1, @azure/core-util@npm:^1.2.0":
  version: 1.4.0
  resolution: "@azure/core-util@npm:1.4.0"
  dependencies:
    "@azure/abort-controller": "npm:^1.0.0"
    tslib: "npm:^2.2.0"
  checksum: 0990b1a13a10d766e5fc0b19369fc32b4318c2713db4a8293fed8d398a351f82a53a72c8e29cf7556d6c572a3b72000068e233e1c11c6767197486b7aa294bc3
  languageName: node
  linkType: hard

"@azure/logger@npm:^1.0.0":
  version: 1.0.4
  resolution: "@azure/logger@npm:1.0.4"
  dependencies:
    tslib: "npm:^2.2.0"
  checksum: 8221eaa7081ffa2aa2d041f5ebf57da2ee7accddeebf3f348db7ab4f886fb52ced787d07a3139415234dddd559f9b4f70111f1fb0311bc4b6521ac2328d0e923
  languageName: node
  linkType: hard

"@azure/ms-rest-js@npm:^2.6.0":
  version: 2.7.0
  resolution: "@azure/ms-rest-js@npm:2.7.0"
  dependencies:
    "@azure/core-auth": "npm:^1.1.4"
    abort-controller: "npm:^3.0.0"
    form-data: "npm:^2.5.0"
    node-fetch: "npm:^2.6.7"
    tslib: "npm:^1.10.0"
    tunnel: "npm:0.0.6"
    uuid: "npm:^8.3.2"
    xml2js: "npm:^0.5.0"
  checksum: 88985ccf9598d866a1b3e42af192156eb6b2edfc31fd7ef7e55a8fce86e15392032f65627c3b59272c87ee7850ce3dc80b63ddb41a0f820e9bff0a0bb375ba0e
  languageName: node
  linkType: hard

"@azure/storage-blob@npm:^12.13.0":
  version: 12.16.0
  resolution: "@azure/storage-blob@npm:12.16.0"
  dependencies:
    "@azure/abort-controller": "npm:^1.0.0"
    "@azure/core-http": "npm:^3.0.0"
    "@azure/core-lro": "npm:^2.2.0"
    "@azure/core-paging": "npm:^1.1.1"
    "@azure/core-tracing": "npm:1.0.0-preview.13"
    "@azure/logger": "npm:^1.0.0"
    events: "npm:^3.0.0"
    tslib: "npm:^2.2.0"
  checksum: 4f4344b959450cfd8f39f1e7bde664e05afc6f67986612eebb237369509c48598cbcd18f64105343cbc7c784ff9c892f4196e9769d5ec5ccfb7a503794925ebf
  languageName: node
  linkType: hard

"@isaacs/cliui@npm:^8.0.2":
  version: 8.0.2
  resolution: "@isaacs/cliui@npm:8.0.2"
  dependencies:
    string-width: "npm:^5.1.2"
    string-width-cjs: "npm:string-width@^4.2.0"
    strip-ansi: "npm:^7.0.1"
    strip-ansi-cjs: "npm:strip-ansi@^6.0.1"
    wrap-ansi: "npm:^8.1.0"
    wrap-ansi-cjs: "npm:wrap-ansi@^7.0.0"
  checksum: b9a4e369729f32ccce5b5764a574da6bbaee7e746c2d9cf35a3701c2907ba82f9bf456602ebd23df537b418fd611d54eb5c5a8ee7d8841dc5dc16c28ede0b258
  languageName: node
  linkType: hard

"@npmcli/agent@npm:^2.0.0":
  version: 2.2.2
  resolution: "@npmcli/agent@npm:2.2.2"
  dependencies:
    agent-base: "npm:^7.1.0"
    http-proxy-agent: "npm:^7.0.0"
    https-proxy-agent: "npm:^7.0.1"
    lru-cache: "npm:^10.0.1"
    socks-proxy-agent: "npm:^8.0.3"
  checksum: e3ee968fb058e7a054d9bff3f611a71e64f8ced69c7fa85d0ed9c5ec0d40bb9c5f0e4e773b5cd07e92a275e2c27fd2cd9b3d947699bd6871e7cf835934389cfb
  languageName: node
  linkType: hard

"@npmcli/fs@npm:^3.1.0":
  version: 3.1.1
  resolution: "@npmcli/fs@npm:3.1.1"
  dependencies:
    semver: "npm:^7.3.5"
  checksum: acb7706a33861291a4db0b02d31641e884b63aeedcae205d5a304796b8da6c8998925a08533b7883a2cb5166f8be18f5565727f0eddbd18d8ed62d9b957461ed
  languageName: node
  linkType: hard

"@opentelemetry/api@npm:^1.0.1":
  version: 1.6.0
  resolution: "@opentelemetry/api@npm:1.6.0"
  checksum: f3a4f50bc8d6e3140e2f3b79ae450839a830210581af21b075006d5bf89853185b2927514f63465adf6220b21ac4a1e65911435ffabcbbaf86f40e5432f9e780
  languageName: node
  linkType: hard

"@pkgjs/parseargs@npm:^0.11.0":
  version: 0.11.0
  resolution: "@pkgjs/parseargs@npm:0.11.0"
  checksum: 9e828530eb8d3e5370972114de393d9f9cfd368f8a7b541fd0d4497c2f046245e907e05f4e07259bdf91ade8f7a0806f36a67099fbf20f62496dc00b843e2252
  languageName: node
  linkType: hard

"@types/node-fetch@npm:^2.5.0":
  version: 2.6.5
  resolution: "@types/node-fetch@npm:2.6.5"
  dependencies:
    "@types/node": "npm:*"
    form-data: "npm:^4.0.0"
  checksum: 4282305d73c29bf30c26218abdc7458243a4b1a5900237ed8490e9aa423cfb0358c739633b6a6a04f9b06587c575f5d19ae186785530a3d5d48ce68796af7f2c
  languageName: node
  linkType: hard

"@types/node@npm:*":
  version: 20.6.2
  resolution: "@types/node@npm:20.6.2"
  checksum: 3e0ef85112a2d7348382c3c5ab5211634e3413a496c112be2f11b07f31a4cd26417f365ddc8589f7268fbcba44a630bc7249b5364088d75c6d5ed1a93bfdb7e6
  languageName: node
  linkType: hard

"@types/tunnel@npm:^0.0.3":
  version: 0.0.3
  resolution: "@types/tunnel@npm:0.0.3"
  dependencies:
    "@types/node": "npm:*"
  checksum: e82e84890689862b748bf52bc6c9b3d4cceb959d2cccda6ade8f2562a58c23e773df22f770ca98f36507c05c193f6f7928083595b430facea98e2cd227a24fd8
  languageName: node
  linkType: hard

"@vercel/ncc@npm:^0.33.4":
  version: 0.33.4
  resolution: "@vercel/ncc@npm:0.33.4"
  dependencies:
    node-gyp: "npm:latest"
  bin:
    ncc: dist/ncc/cli.js
  checksum: 0a40ed4366b0caf1ec250dd42212a2f8a9b7fcfa286371394657ca2cd22a9bf57acee16b0769343cfeb0c15e7f130f95af197796dfc6528eed63228ed6d76c1d
  languageName: node
  linkType: hard

"abbrev@npm:^2.0.0":
  version: 2.0.0
  resolution: "abbrev@npm:2.0.0"
  checksum: e407d8fbca2621f0925fdbb73b0901c526d6d469b3c0ea21edf8ccef74464f0d6e1f30442c60e8189fa338322facca3aa9b6dc989ed6ad602aa65720c546261a
  languageName: node
  linkType: hard

"abort-controller@npm:^3.0.0":
  version: 3.0.0
  resolution: "abort-controller@npm:3.0.0"
  dependencies:
    event-target-shim: "npm:^5.0.0"
  checksum: 336c22d64efef7142681fc2944db3f448d10b2384d816fc90502ea8d32800c854bd9cd586b168e216ba2e5f4cd0bfb431650a6e5dbc18957e614966ca7649764
  languageName: node
  linkType: hard

"agent-base@npm:^7.0.2, agent-base@npm:^7.1.0, agent-base@npm:^7.1.1":
  version: 7.1.1
  resolution: "agent-base@npm:7.1.1"
  dependencies:
    debug: "npm:^4.3.4"
  checksum: e296585e354bb0179815f4121167a040d9b7b9b724b812664bb5379d87a96721876e19d387f45447e8070a5bfb253eb391bdd07675749e421f4e82526e1a437c
  languageName: node
  linkType: hard

"aggregate-error@npm:^3.0.0":
  version: 3.1.0
  resolution: "aggregate-error@npm:3.1.0"
  dependencies:
    clean-stack: "npm:^2.0.0"
    indent-string: "npm:^4.0.0"
  checksum: 676b1da86a0ff06a29d9a318109752990c28aae4600f6d094845a679f388a2a246402d993d223165d208122d81823235969132dc09439de2eee50a9f48fa9db9
  languageName: node
  linkType: hard

"ansi-regex@npm:^5.0.1":
  version: 5.0.1
  resolution: "ansi-regex@npm:5.0.1"
  checksum: 627f94ee7fcc5e03186646ebd11ca2ccd954f3cb48fc6a3f42883db6bbf3df5dfba06d62647b2f72c975349fc072c5c44808b7da26d08a9313a7f304acda2efb
  languageName: node
  linkType: hard

"ansi-regex@npm:^6.0.1":
  version: 6.0.1
  resolution: "ansi-regex@npm:6.0.1"
  checksum: 53669c3634190ead828055bcae5f0feff485fd8d7d05538d4f753ad56ffedb7aa5bcc93efaa8e99e4907ad970682413f2407cf4acac8deb1d408bc564bca9027
  languageName: node
  linkType: hard

"ansi-styles@npm:^4.0.0":
  version: 4.3.0
  resolution: "ansi-styles@npm:4.3.0"
  dependencies:
    color-convert: "npm:^2.0.1"
  checksum: d15dab617b78cbc96f10016e929e921ad73695753de4e45a911ecee6e29aa45c71d58f1ffaf8e49889dbe726dbdb2bbe5b4e3a7bf1c517f8740ae83a29b7df25
  languageName: node
  linkType: hard

"ansi-styles@npm:^6.1.0":
  version: 6.2.1
  resolution: "ansi-styles@npm:6.2.1"
  checksum: 86fe3fc999c89775171631b32920d1fbf8adc4225895db376057b5a5e6fdcf837ae994ca08756f0a676c0dd8c74e58a7e87515d1fa16d6fcfffdf9069d579e90
  languageName: node
  linkType: hard

"asynckit@npm:^0.4.0":
  version: 0.4.0
  resolution: "asynckit@npm:0.4.0"
  checksum: e4d1381289f9effe69a4dbc18e8b4e2059113dfb23634d0f4064226042870dbc53175fbf261f982d055fa2952163a8b7608781ea58314a17bb6a2cd6815af4f1
  languageName: node
  linkType: hard

"balanced-match@npm:^1.0.0":
  version: 1.0.2
  resolution: "balanced-match@npm:1.0.2"
  checksum: 9ca7fca1845f06edbd8478e209a2e8eed5bb148a021719e77affeaf0c61e45af20279e4540a9f11942acc27c078fc132ff0ebc9c16a403033cff5af3d8199f40
  languageName: node
  linkType: hard

"brace-expansion@npm:^1.1.7":
  version: 1.1.11
  resolution: "brace-expansion@npm:1.1.11"
  dependencies:
    balanced-match: "npm:^1.0.0"
    concat-map: "npm:0.0.1"
  checksum: 5ecc6da29cd3b4d49a832fd8e48f3a8b6ac058f82fe778eb6751ed30a206c5ec5171f6f632aa1946ffb4f8151136740803f620b15edca8437a9348cbb21a8ba8
  languageName: node
  linkType: hard

"brace-expansion@npm:^2.0.1":
  version: 2.0.1
  resolution: "brace-expansion@npm:2.0.1"
  dependencies:
    balanced-match: "npm:^1.0.0"
  checksum: 0f8d0d6a165d636fed93a7dd9321a5ae122cac9a672d8a9e01997e4ae09743cb3cbfb0a6e6b32303cda0f1f40617e2c0953f28f59a6f01d6d12c9698a3f0e41b
  languageName: node
  linkType: hard

"cacache@npm:^18.0.0":
  version: 18.0.4
  resolution: "cacache@npm:18.0.4"
  dependencies:
    "@npmcli/fs": "npm:^3.1.0"
    fs-minipass: "npm:^3.0.0"
    glob: "npm:^10.2.2"
    lru-cache: "npm:^10.0.1"
    minipass: "npm:^7.0.3"
    minipass-collect: "npm:^2.0.1"
    minipass-flush: "npm:^1.0.5"
    minipass-pipeline: "npm:^1.2.4"
    p-map: "npm:^4.0.0"
    ssri: "npm:^10.0.0"
    tar: "npm:^6.1.11"
    unique-filename: "npm:^3.0.0"
  checksum: 62e9f23de276c73584b41bdf392e735926bfb6477b8bf01b9bc3406ecd24fdb98c56551440a28987c7ba79f1bbdb04df54c3313017fc4a831cf34297d1f76e7d
  languageName: node
  linkType: hard

"chownr@npm:^2.0.0":
  version: 2.0.0
  resolution: "chownr@npm:2.0.0"
  checksum: 7b240ff920db951fd3841116c5e0e2ec4750e20c85cd044ea78f636202e1fa47ce0a20d48c3c912edc52ea0f1615aba37bdd6297d3a731b517647ed33c3dee09
  languageName: node
  linkType: hard

"clean-stack@npm:^2.0.0":
  version: 2.2.0
  resolution: "clean-stack@npm:2.2.0"
  checksum: 0a476c914f0a5e9e12b215729e1a633fcbdd47b8c3d508ebe6441f2ef8d5047fdd0800926349dd18253db4bfcab3e48aa0aca1f2e7f5d614f7194778d7851be4
  languageName: node
  linkType: hard

"color-convert@npm:^2.0.1":
  version: 2.0.1
  resolution: "color-convert@npm:2.0.1"
  dependencies:
    color-name: "npm:~1.1.4"
  checksum: bf4d19d12621eae71a531e5b977f46717b15e0d3253f25790f5779b7577124e4d9c4597df05cee79e8f8e8fc14add04e738a659ee4336ee0cc5587ebc3c602e7
  languageName: node
  linkType: hard

"color-name@npm:~1.1.4":
  version: 1.1.4
  resolution: "color-name@npm:1.1.4"
  checksum: 80acf64638343898f5b36825f4c9715ced380e738400b308f3f90ca2327f2f98f0c2cfb1f1a6447f267a2e1d1ea2214f26e948d8acab547e5478e2b0816c7c30
  languageName: node
  linkType: hard

"combined-stream@npm:^1.0.6, combined-stream@npm:^1.0.8":
  version: 1.0.8
  resolution: "combined-stream@npm:1.0.8"
  dependencies:
    delayed-stream: "npm:~1.0.0"
  checksum: c3224efc798a4f2066ff2f65c28d60b48ec73b38bf76331ecc61814875cc5c8a93beccc268ca08aaa98a141c262de5787d68685b6682b8b67ad2dadb8bd2ddd2
  languageName: node
  linkType: hard

"concat-map@npm:0.0.1":
  version: 0.0.1
  resolution: "concat-map@npm:0.0.1"
  checksum: 88222f18b3a68b71fe4473a146c8ed3315ec0488703104319c53543ad4668af3e79418ab79e2fa8032ee04c3eb45cc478815b89877a048cc5ba34e201bc15c35
  languageName: node
  linkType: hard

"cross-spawn@npm:^7.0.0":
  version: 7.0.3
  resolution: "cross-spawn@npm:7.0.3"
  dependencies:
    path-key: "npm:^3.1.0"
    shebang-command: "npm:^2.0.0"
    which: "npm:^2.0.1"
  checksum: 37ec685f91f04d4719892f305fa6f632aae256df7f2f3f98d5c36f2197651ad7b77851aaa2d397d19a9555f0fb89fa18f9bb3ff4b440535cc0fb4fe0a72004b9
  languageName: node
  linkType: hard

"debug@npm:4, debug@npm:^4.3.4":
  version: 4.3.6
  resolution: "debug@npm:4.3.6"
  dependencies:
    ms: "npm:2.1.2"
  peerDependenciesMeta:
    supports-color:
      optional: true
  checksum: 3b55a6cbd5017f27f65a97e8df620cd319addd93bb1450e723ed786fe96bac24f8efcc055a6742d5326bae5dcbbe3f1ad07d213ae3971f70baacb3b00ca3f2c1
  languageName: node
  linkType: hard

"delayed-stream@npm:~1.0.0":
  version: 1.0.0
  resolution: "delayed-stream@npm:1.0.0"
  checksum: 22f11ed342773dbc427e84d5a972e5c67fc34a44bf80eead5a41d8697c9303ae32991e568921cbd82553deeb1b33f3d6ecc148bf0efe3789589c8cb7b0e1a53a
  languageName: node
  linkType: hard

"eastasianwidth@npm:^0.2.0":
  version: 0.2.0
  resolution: "eastasianwidth@npm:0.2.0"
  checksum: 0b403fab07c8a53488ea6212435f12b8eeec0b0b828554381b333ea1e41104a137cfe812fa83d021ea0270eb6249226bb0dcb61f8f94bed52b943fa2f720542f
  languageName: node
  linkType: hard

"emoji-regex@npm:^8.0.0":
  version: 8.0.0
  resolution: "emoji-regex@npm:8.0.0"
  checksum: 0b84c9059a3f051e3da79112ee450f22bc8466dde2a7e09a0b1fc4eff3b98183596e6e2704d5356266851e2a013d95467421eb81c36408fbab1aeb3fc5e4764f
  languageName: node
  linkType: hard

"emoji-regex@npm:^9.2.2":
  version: 9.2.2
  resolution: "emoji-regex@npm:9.2.2"
  checksum: ef0642d76f5116a04296a85ec167696b91ca8a1373d3cd13ec3acfb0f6a77d4d1c6ce94192ab31f8bad5ca69fbd01b556638fdf389128fea48fb5f6c2c754b45
  languageName: node
  linkType: hard

"encoding@npm:^0.1.13":
  version: 0.1.13
  resolution: "encoding@npm:0.1.13"
  dependencies:
    iconv-lite: "npm:^0.6.2"
  checksum: 954eb7d006c8d466207dcda57ddd15b1d6667607b8da15c7ce400d377504aafcc5e2f5507027cfb045cad7aefd15d18aa3f6e14f3a73ed2b26ad5ff08004536b
  languageName: node
  linkType: hard

"env-paths@npm:^2.2.0":
  version: 2.2.1
  resolution: "env-paths@npm:2.2.1"
  checksum: 528af3898854262b86b3adb5de09e6c81b8c0e3f4f675750282281b86782ddc3c33ffc13598d903d9eb23652f339ded86c994b61fe06e5f9cbb69a191f62244b
  languageName: node
  linkType: hard

"err-code@npm:^2.0.2":
  version: 2.0.3
  resolution: "err-code@npm:2.0.3"
  checksum: 12244d58c3eeb73a5ebf633ff615b2366cedaccfea3c2b4d6a3295f6440661052e9574c71f89d6dc8a5466e3d84be0b1994e2a4017ab10e1f037f8be1ca89a37
  languageName: node
  linkType: hard

"event-target-shim@npm:^5.0.0":
  version: 5.0.1
  resolution: "event-target-shim@npm:5.0.1"
  checksum: 9bac81ec63b29e184fe5d10a8ea09a2957f39dc109a6f594c5e095beae88bf64c63b061ebb867fe883832ca4a8daefda8a92ed55a4f460cedbef25e574fb4466
  languageName: node
  linkType: hard

"events@npm:^3.0.0":
  version: 3.3.0
  resolution: "events@npm:3.3.0"
  checksum: ef0af671f7bdc20f14274c77925c3e47a4df7991563ee1827dff577f66a9ed1a5b63d9adab8bc5949a16a1341883abdaf9df7a1841f8d5d2fc65ab4f5570b32b
  languageName: node
  linkType: hard

"exponential-backoff@npm:^3.1.1":
  version: 3.1.1
  resolution: "exponential-backoff@npm:3.1.1"
  checksum: b3010284e8d2161f7a2589b92d41299d5bdffa6c79bac7bbfeee239a67627ae8b878e40c408a4419b19afcf9514442c79929cf3bd5f49f7f19ebd54fd2aa306f
  languageName: node
  linkType: hard

"foreground-child@npm:^3.1.0":
  version: 3.3.0
  resolution: "foreground-child@npm:3.3.0"
  dependencies:
    cross-spawn: "npm:^7.0.0"
    signal-exit: "npm:^4.0.1"
  checksum: 47246f488111d31fd6e71a09daabfcbef06ce25ac5d2f4d0b8a3eb759ec380467704aacb1dbba5c7f908f2c9ba9289e25e15b35c3efa5fc8ca33123cbe635db8
  languageName: node
  linkType: hard

"form-data@npm:^2.5.0":
  version: 2.5.1
  resolution: "form-data@npm:2.5.1"
  dependencies:
    asynckit: "npm:^0.4.0"
    combined-stream: "npm:^1.0.6"
    mime-types: "npm:^2.1.12"
  checksum: 9163db247434cb612f94d27563ec5c19417fc15638f51502667d6f1133bc5b18bce1348aeaed6235c450e9885d8f4a43ea39e948404df7ff485a49a7a0ec84c9
  languageName: node
  linkType: hard

"form-data@npm:^4.0.0":
  version: 4.0.0
  resolution: "form-data@npm:4.0.0"
  dependencies:
    asynckit: "npm:^0.4.0"
    combined-stream: "npm:^1.0.8"
    mime-types: "npm:^2.1.12"
  checksum: de37c5684d843842d2cc2bc44a975d9fecdf1df30d061c90b62fc0caeeeeb45794bceaba7aa52ee5eae8ede01ba44215b26c58f41cf64271c513787b7241fce4
  languageName: node
  linkType: hard

"fs-minipass@npm:^2.0.0":
  version: 2.1.0
  resolution: "fs-minipass@npm:2.1.0"
  dependencies:
    minipass: "npm:^3.0.0"
  checksum: 56d19f9a034cbef50b7fe846a71ab1a6a7ee7906205f9f18b7c9696e1f6d83c4d708a0196c65536f34e569205664840dd4f97f1286a26148a4c5bf74a67fe8db
  languageName: node
  linkType: hard

"fs-minipass@npm:^3.0.0":
  version: 3.0.3
  resolution: "fs-minipass@npm:3.0.3"
  dependencies:
    minipass: "npm:^7.0.3"
  checksum: 20399bd43d0b52b0fdfeaaa07c25ca0d1d6dd2e0dedd9d15996b041546f06b36483a01798cdc4844df22144b59813726cd438412016eeb3f3e0a33f0a608823c
  languageName: node
  linkType: hard

"glob@npm:^10.2.2, glob@npm:^10.3.10":
  version: 10.4.5
  resolution: "glob@npm:10.4.5"
  dependencies:
    foreground-child: "npm:^3.1.0"
    jackspeak: "npm:^3.1.2"
    minimatch: "npm:^9.0.4"
    minipass: "npm:^7.1.2"
    package-json-from-dist: "npm:^1.0.0"
    path-scurry: "npm:^1.11.1"
  bin:
    glob: dist/esm/bin.mjs
  checksum: 9f11c1d594fc96c500581ce51617a88e3b1caaf8c08cfa8089bb2b83c9ab94d0a01879cd7c60aef2602c35a8607ba45b4b7c429a854a2c63c9b33718eb37ade8
  languageName: node
  linkType: hard

"graceful-fs@npm:^4.2.6":
  version: 4.2.11
  resolution: "graceful-fs@npm:4.2.11"
  checksum: 0228fc1080e6cb20d31920aff457e5d44f137b8864220c204b5ba6461d2d46d30361557a4c054373a8c04a03b59c92a42d40230104bb59c5ea737072bc15709c
  languageName: node
  linkType: hard

"http-cache-semantics@npm:^4.1.1":
  version: 4.1.1
  resolution: "http-cache-semantics@npm:4.1.1"
  checksum: 7b4d86f99fb3f07b6a49219420ebdffa077ee99bc5fe1df1f353b84c3d321c767a083a48291afb2fc34a627661b6d54c80a927639a7be9e0c43e8c4f921816bd
  languageName: node
  linkType: hard

"http-proxy-agent@npm:^7.0.0":
  version: 7.0.2
  resolution: "http-proxy-agent@npm:7.0.2"
  dependencies:
    agent-base: "npm:^7.1.0"
    debug: "npm:^4.3.4"
  checksum: b3d0773ccdec3db24193abc516f99bbed8c84bdecc5ac8410767a0240b2720fed3bf907e180c902122ebcc482bad1f27ef75e1f7adf2b14cad984589e0974dbe
  languageName: node
  linkType: hard

"https-proxy-agent@npm:^7.0.1":
  version: 7.0.5
  resolution: "https-proxy-agent@npm:7.0.5"
  dependencies:
    agent-base: "npm:^7.0.2"
    debug: "npm:4"
  checksum: c6fc1d23d9f970039af8daeedf1b6ebe317ca52c091b7e670fbd12dff4447385cdb44af1ba495fa32b37cbc24c5e1a69425859bd235a0aa8a25502175fbb7431
  languageName: node
  linkType: hard

"iconv-lite@npm:^0.6.2":
  version: 0.6.3
  resolution: "iconv-lite@npm:0.6.3"
  dependencies:
    safer-buffer: "npm:>= 2.1.2 < 3.0.0"
  checksum: 14633c984e398011b4cce3d453e6566e4cc1b58f257e6fc48ae39c25a158b926e6cd7ee6023cd84aff12952a7581bd10bd4e7954af802dd5678e83b4cb8fdbba
  languageName: node
  linkType: hard

"imurmurhash@npm:^0.1.4":
  version: 0.1.4
  resolution: "imurmurhash@npm:0.1.4"
  checksum: 6e2473e6083063b9f5f21a9586794b3af5b3f87995bcf60cb64f3824a7323c2ae41b4eaf3d7446e20fb66b5f3410094246aa3c52db7585270c8b10f762b8ffa1
  languageName: node
  linkType: hard

"indent-string@npm:^4.0.0":
  version: 4.0.0
  resolution: "indent-string@npm:4.0.0"
  checksum: f4ab9e229c120377a63fce905062e5fdf1c300ca01b72401dda5aa991e8f614fdb2f99fe7cc37ef3234413da4ab43d5a4f905356fdffb9d078e83806d274719c
  languageName: node
  linkType: hard

"ip-address@npm:^9.0.5":
  version: 9.0.5
  resolution: "ip-address@npm:9.0.5"
  dependencies:
    jsbn: "npm:1.1.0"
    sprintf-js: "npm:^1.1.3"
  checksum: 5eddf5d3486ae2895f746aeafc86bbcdb46a18812385f71ee94e5c48410e4f6814d4925e37dd6951f175e0c95916a354ec1b590a0a4c0692d3931f47e3530ad6
  languageName: node
  linkType: hard

"is-fullwidth-code-point@npm:^3.0.0":
  version: 3.0.0
  resolution: "is-fullwidth-code-point@npm:3.0.0"
  checksum: c06b5792b82dcdedb41858cdb07ca4ae5b9a853ad65c91529533221f384d751bedd8ad8db5a527cb219fd989c32a0faa0833312b6a190fe597acdd23165ef724
  languageName: node
  linkType: hard

"is-lambda@npm:^1.0.1":
  version: 1.0.1
  resolution: "is-lambda@npm:1.0.1"
  checksum: 8e761e558bf60bd3682648e6ecb6333e9ad9c5a6fef2a9ca879deef1a40478e5f7e18999fc3630ef8b879cf00bc0248ffa5616aa4251917a7f87f066841310aa
  languageName: node
  linkType: hard

"isexe@npm:^2.0.0":
  version: 2.0.0
  resolution: "isexe@npm:2.0.0"
  checksum: b37fe0a7983c0c151c7b31ca716405aaea190ac9cd6ef3f79355f4afb043ed4d3182a6addd73b20df7a0b229269737ad0daf64116821a048bfbe6b8fb7eb842c
  languageName: node
  linkType: hard

"isexe@npm:^3.1.1":
  version: 3.1.1
  resolution: "isexe@npm:3.1.1"
  checksum: a0746121d7776e5c625ecfacfa5673f8deef76405926c6b9285b30864df1b4289394c0286a53fd8af9d3600477c6400f79cae459e5f44dfe0daf4511eec36ce9
  languageName: node
  linkType: hard

"jackspeak@npm:^3.1.2":
  version: 3.4.3
  resolution: "jackspeak@npm:3.4.3"
  dependencies:
    "@isaacs/cliui": "npm:^8.0.2"
    "@pkgjs/parseargs": "npm:^0.11.0"
  dependenciesMeta:
    "@pkgjs/parseargs":
      optional: true
  checksum: 87355de487862bb4aeb7aec7776b14c9ba475db253a08bbcd56c11d66f634f0e8bd56a9459a5c97895650144c8b6afc3e5908022b79243380c4832b879b2bcd0
  languageName: node
  linkType: hard

"jsbn@npm:1.1.0":
  version: 1.1.0
  resolution: "jsbn@npm:1.1.0"
  checksum: e7ca1d26ebebfe6c6d47e4165b182d2ce819a6adce916fe31107511d63e011ba56d10a902bbe708de4388cdf5abfa807de2e9284d10fb64c18789b3c1726b456
  languageName: node
  linkType: hard

"linux-os-info@npm:^2.0.0":
  version: 2.0.0
  resolution: "linux-os-info@npm:2.0.0"
  checksum: 669c8e6c2f678a7b2b37d19b6db76939ce555d9dd6a917f915e730f54f128f453c0212c18a23d72015d410ce9b28655006c52dc4253fa08124f54cd9bb480935
  languageName: node
  linkType: hard

"lru-cache@npm:^10.0.1, lru-cache@npm:^10.2.0":
  version: 10.4.3
  resolution: "lru-cache@npm:10.4.3"
  checksum: 001a348a34e16847566b026e6e04e0ec3311cc193593bbe6976848541e222fced80e0f79db9c2f8bf7621b563a46565011b92f4af3a425abd4a2f0f126f0698e
  languageName: node
  linkType: hard

"lru-cache@npm:^6.0.0":
  version: 6.0.0
  resolution: "lru-cache@npm:6.0.0"
  dependencies:
    yallist: "npm:^4.0.0"
  checksum: b2d72088dd27df27189607554990b0fd31d3fbd4037df909ef66f48a14122baf8ffce7f33edc17e6543ea7cd71fa561136518355dde2ad57676fa0b2ea53b85f
  languageName: node
  linkType: hard

"macos-release@npm:^3.1.0":
  version: 3.2.0
  resolution: "macos-release@npm:3.2.0"
  checksum: e668580de28fa97d47f18483a74c3289cbc0419c3f0d242ff70c624f848895d0a32323e60a66bf19d59b6ae7820bc25951c2759ae65e6dce2c7bbc29803c1974
  languageName: node
  linkType: hard

"make-fetch-happen@npm:^13.0.0":
  version: 13.0.1
  resolution: "make-fetch-happen@npm:13.0.1"
  dependencies:
    "@npmcli/agent": "npm:^2.0.0"
    cacache: "npm:^18.0.0"
    http-cache-semantics: "npm:^4.1.1"
    is-lambda: "npm:^1.0.1"
    minipass: "npm:^7.0.2"
    minipass-fetch: "npm:^3.0.0"
    minipass-flush: "npm:^1.0.5"
    minipass-pipeline: "npm:^1.2.4"
    negotiator: "npm:^0.6.3"
    proc-log: "npm:^4.2.0"
    promise-retry: "npm:^2.0.1"
    ssri: "npm:^10.0.0"
  checksum: 819852350b2eb651f76e4b6c78f5aa245f181263c5e2b1ec695cae30527756fb976668e1347320d9b441fda55fdb23910024b6aaf112c5f0a8563a3975d748eb
  languageName: node
  linkType: hard

"mime-db@npm:1.52.0":
  version: 1.52.0
  resolution: "mime-db@npm:1.52.0"
  checksum: 95baf687a3f14ff2cc433e30dea5c4931c7f4b67059d44a0098cfb833858cad63ec13c20f98762bddd088c4e9dac6d95862db1ea9d3fe3fa68f57b69a325000d
  languageName: node
  linkType: hard

"mime-types@npm:^2.1.12":
  version: 2.1.35
  resolution: "mime-types@npm:2.1.35"
  dependencies:
    mime-db: "npm:1.52.0"
  checksum: 51e3b38d1b1b83da082f7c29042bcb22036101346394696b7643ef5da27ebf6bf71643bd45225ee75e4ea2836213780efc8c3dcd2055c84b49eb0afc061419d0
  languageName: node
  linkType: hard

"minimatch@npm:^3.0.4":
  version: 3.1.2
  resolution: "minimatch@npm:3.1.2"
  dependencies:
    brace-expansion: "npm:^1.1.7"
  checksum: 97f5615ee8f7c0019277dadef7b2b81e5c60d369cb3155cbfb9da72688aef2edb652b105353ff08a6575ae95a6189d1c09a0829b9c254f60849148457c4d8a66
  languageName: node
  linkType: hard

"minimatch@npm:^9.0.4":
  version: 9.0.5
  resolution: "minimatch@npm:9.0.5"
  dependencies:
    brace-expansion: "npm:^2.0.1"
  checksum: 8043809d36f9405a63153a047cff207cccd9e11b09241168dad3c9037f71229c99f427a80fc349e939c0c44de591d5715391ae9f83e39b388f5ae7937243dfe9
  languageName: node
  linkType: hard

"minipass-collect@npm:^2.0.1":
  version: 2.0.1
  resolution: "minipass-collect@npm:2.0.1"
  dependencies:
    minipass: "npm:^7.0.3"
  checksum: e162a0eae5b950484d42c752ed105e45c1da80e764a5d4d5248897a9f410e913fd72d93f044c2fc86430fb36ac7fa9c4340830fd77702b06bed8811658fedfd3
  languageName: node
  linkType: hard

"minipass-fetch@npm:^3.0.0":
  version: 3.0.5
  resolution: "minipass-fetch@npm:3.0.5"
  dependencies:
    encoding: "npm:^0.1.13"
    minipass: "npm:^7.0.3"
    minipass-sized: "npm:^1.0.3"
    minizlib: "npm:^2.1.2"
  dependenciesMeta:
    encoding:
      optional: true
  checksum: 4616596bd7ff3ad3b1fc4e70ed7cf1c22a10850b2badca658d119ac2a3bcfa28d590a6aba0904a4f8acefa25d17adf1d1d624c24f6286e48dd840c15cb340e0d
  languageName: node
  linkType: hard

"minipass-flush@npm:^1.0.5":
  version: 1.0.5
  resolution: "minipass-flush@npm:1.0.5"
  dependencies:
    minipass: "npm:^3.0.0"
  checksum: 6e851bd0640e5406633b0aa77e889d4175eb3d12b55173e999e6dd1fc06ed13982277e012d6f41dc28a2167278d9480697893f6cd286c46c10fdfd735e05d45d
  languageName: node
  linkType: hard

"minipass-pipeline@npm:^1.2.4":
  version: 1.2.4
  resolution: "minipass-pipeline@npm:1.2.4"
  dependencies:
    minipass: "npm:^3.0.0"
  checksum: 07dd09bf3c6f546ef407e7a36bca4cd2235d54695c083dc5815052e36cbdd46e55a7c0dae2801983c73257adc7aa613e375c8350587bc50a6a10e1a6b55f9965
  languageName: node
  linkType: hard

"minipass-sized@npm:^1.0.3":
  version: 1.0.3
  resolution: "minipass-sized@npm:1.0.3"
  dependencies:
    minipass: "npm:^3.0.0"
  checksum: 54591ac7e54571e91df602e3c1018f4048ee12a3407dfab8140e0b03cb149c16ae67e94d36682c0869a683b8443470e354dba123ea83914c87ff22d8d8628fea
  languageName: node
  linkType: hard

"minipass@npm:^3.0.0":
  version: 3.3.6
  resolution: "minipass@npm:3.3.6"
  dependencies:
    yallist: "npm:^4.0.0"
  checksum: 9704cf677a05e82174c1a0765260f877ce3b4f09858b6c80a07a38a41ff661a2913a482f82faa73b89fc23ee3bcc4cff04d7e8ce6951de4fc2c2108d360b6f1f
  languageName: node
  linkType: hard

"minipass@npm:^5.0.0":
  version: 5.0.0
  resolution: "minipass@npm:5.0.0"
  checksum: dac2e1960990ca7c288834e7311e029828d9ae4c90fdabae95a3ea269592871feaa755a1ef9241d487e6fe59d86a43e1d8bac41c47f13c3c0add0799ab500a0b
  languageName: node
  linkType: hard

"minipass@npm:^5.0.0 || ^6.0.2 || ^7.0.0, minipass@npm:^7.0.2, minipass@npm:^7.0.3, minipass@npm:^7.1.2":
  version: 7.1.2
  resolution: "minipass@npm:7.1.2"
  checksum: 8e24527e346035fb39b911c4ee43b4020aefee2a178d4614105b8850d6c2dd5ddb870babd2b108e8e52f19c7ab7320656c91b2267fa08ea50ed2945008b39c15
  languageName: node
  linkType: hard

"minizlib@npm:^2.1.1, minizlib@npm:^2.1.2":
  version: 2.1.2
  resolution: "minizlib@npm:2.1.2"
  dependencies:
    minipass: "npm:^3.0.0"
    yallist: "npm:^4.0.0"
  checksum: c0071edb242d6808652840614193316e82d012b79ff1997352de3df1c19b7580d3d4790c462c8506b1f4225f08162ebba88ebceb1529d168304b06b23757e88d
  languageName: node
  linkType: hard

"mkdirp@npm:^1.0.3":
  version: 1.0.4
  resolution: "mkdirp@npm:1.0.4"
  bin:
    mkdirp: bin/cmd.js
  checksum: 123361119829ab8115234f36ed8ef8f697b0f6f83ec9f9bc8f76da587487976d74bc874ffa892e7a66df607fa8f2cc758eed8db225e9cd3a84846350209e53db
  languageName: node
  linkType: hard

"ms@npm:2.1.2":
  version: 2.1.2
  resolution: "ms@npm:2.1.2"
  checksum: 3f46af60a08158f1c77746c06c2f6c7aba7feddafd41335f9baa2d7e0741d7539774aa7d5d1661a7f2b7eed55a7063771297eea016051924dbb04d4c2bf40bcb
  languageName: node
  linkType: hard

"negotiator@npm:^0.6.3":
  version: 0.6.3
  resolution: "negotiator@npm:0.6.3"
  checksum: d8e3b42d99638b1f363ce114c98e6906ade395c230058e50644417bd398b01381133dbca4bc49f30f6b1c93254e4b5a2d50cc47adcdabf2a8476b6f16311ad5d
  languageName: node
  linkType: hard

"node-fetch@npm:^2.6.7":
  version: 2.7.0
  resolution: "node-fetch@npm:2.7.0"
  dependencies:
    whatwg-url: "npm:^5.0.0"
  peerDependencies:
    encoding: ^0.1.0
  peerDependenciesMeta:
    encoding:
      optional: true
  checksum: a3ad7889038bf6c49046272515d4f0e3167088b40fd37e1cc6eeea745f5a68cec798d55ac3210e2bc51891cb745e3dc30a734cc5f4b4df764f45886881b198b1
  languageName: node
  linkType: hard

"node-gyp@npm:latest":
  version: 10.2.0
  resolution: "node-gyp@npm:10.2.0"
  dependencies:
    env-paths: "npm:^2.2.0"
    exponential-backoff: "npm:^3.1.1"
    glob: "npm:^10.3.10"
    graceful-fs: "npm:^4.2.6"
    make-fetch-happen: "npm:^13.0.0"
    nopt: "npm:^7.0.0"
    proc-log: "npm:^4.1.0"
    semver: "npm:^7.3.5"
    tar: "npm:^6.2.1"
    which: "npm:^4.0.0"
  bin:
    node-gyp: bin/node-gyp.js
  checksum: 9efeb00528f9e100c4571a0a3c798029b03a95384bfd71dd70ca71830e20853c51140c0cbb5487dff6c26e492e91b2bcaa72444701159b00f518ca943b730195
  languageName: node
  linkType: hard

"nopt@npm:^7.0.0":
  version: 7.2.1
  resolution: "nopt@npm:7.2.1"
  dependencies:
    abbrev: "npm:^2.0.0"
  bin:
    nopt: bin/nopt.js
  checksum: a937da18c7eb1a039a3497d3b14725b7827ea14ff89aeac5d32be1f249552e578e6b23ba8d58300fcb3c682e11b73fa494944f4fe5c547b6fd456f719d7dd553
  languageName: node
  linkType: hard

"p-map@npm:^4.0.0":
  version: 4.0.0
  resolution: "p-map@npm:4.0.0"
  dependencies:
    aggregate-error: "npm:^3.0.0"
  checksum: 619df8954fe81933903bc760e9884d85540ef7e8f6c24c4e28e2c8f0ad14d480bb7d4541787eee2e2d61aa0fae8b54abc42f7afc35db457884e589386e78a922
  languageName: node
  linkType: hard

"package-json-from-dist@npm:^1.0.0":
  version: 1.0.0
  resolution: "package-json-from-dist@npm:1.0.0"
  checksum: 4fb4efeb54d4d4c8b35858902201bf8cf1603e25b9917b48a989d47927d3c03d9b3de69e97fceb4d1223a3349b02c9495b4bad5adbc5353d02b655df32866170
  languageName: node
  linkType: hard

"path-key@npm:^3.1.0":
  version: 3.1.1
  resolution: "path-key@npm:3.1.1"
  checksum: 93ee8a32e3be43548ece14eba2620bf5164884d0cc1aa3615d136567a39e02066c9b5aeb5b6747d766af55936151c95d9371ba46d4fcf361db9691505650c001
  languageName: node
  linkType: hard

"path-scurry@npm:^1.11.1":
  version: 1.11.1
  resolution: "path-scurry@npm:1.11.1"
  dependencies:
    lru-cache: "npm:^10.2.0"
    minipass: "npm:^5.0.0 || ^6.0.2 || ^7.0.0"
  checksum: d1ff431dcfa61f1808134855b256c89f5fd1c88dcc335bd22929f245f9b397e5f7410f959a301c4721173dbe81053c419df445b3c4f930e99efa77a30e8f57ba
  languageName: node
  linkType: hard

"proc-log@npm:^4.1.0, proc-log@npm:^4.2.0":
  version: 4.2.0
  resolution: "proc-log@npm:4.2.0"
  checksum: 284c8201a93251dbfe50cb6562f73633a6c453bbdfafd65c55606e556c9eb9e7ceac0bf87f0641e1b40af66f5c5f7b67488b5606ce22d7148d0c7804702a2461
  languageName: node
  linkType: hard

"process@npm:^0.11.10":
  version: 0.11.10
  resolution: "process@npm:0.11.10"
  checksum: e21687b0b8fe1c6812ea43858aa5c1234e05dc6b2c366b280c850fd09d644100cbcf2f3784feec4bc6f57002a465e7eea2901acf1462ffc94ba9ac98f105ede5
  languageName: node
  linkType: hard

"promise-retry@npm:^2.0.1":
  version: 2.0.1
  resolution: "promise-retry@npm:2.0.1"
  dependencies:
    err-code: "npm:^2.0.2"
    retry: "npm:^0.12.0"
  checksum: cbff149b3327554f3613196ca300a77aefac289624148c37e5c9236242931691a4ba0a76fd1c6171e6a3e6a2b1edfa2acdf122004857e6f3e3efd1be29df6cd2
  languageName: node
  linkType: hard

"retry@npm:^0.12.0":
  version: 0.12.0
  resolution: "retry@npm:0.12.0"
  checksum: 1c3616bdf89aa6f887bcca2b86603c255f4b497577f6a54f33262f4f314b8516d65e251f717b45e2a5ec234359999015a9e2263b38467544188210327e638ac3
  languageName: node
  linkType: hard

"safer-buffer@npm:>= 2.1.2 < 3.0.0":
  version: 2.1.2
  resolution: "safer-buffer@npm:2.1.2"
  checksum: d4199666e9e792968c0b88c2c35dd400f56d3eecb9affbcf5207922822eadf30cc06995bae3c5d0a653851bbd40fc0af578bf046bbf734199ce22433ba4da659
  languageName: node
  linkType: hard

"sax@npm:>=0.6.0":
  version: 1.2.4
  resolution: "sax@npm:1.2.4"
  checksum: 2917c3ef3cab1307aa14036705b599c7fd1b51756189e67bd1f23193cdc5ceac9bd59104830542cfb6326febfd1dce73acc08fecfa615c4c920c94a9a6ccbda4
  languageName: node
  linkType: hard

"semver@npm:^6.1.0":
  version: 6.3.1
  resolution: "semver@npm:6.3.1"
  bin:
    semver: bin/semver.js
  checksum: 29857f174cdbba4043f8eeacda9cfc08f83beee57fc3889d708598df49007f24361eb38926b9997c82cf2bef81f50484a2f9fd85cb3cd1c4326378ae16f6a0df
  languageName: node
  linkType: hard

"semver@npm:^7.3.5":
  version: 7.6.3
  resolution: "semver@npm:7.6.3"
  bin:
    semver: bin/semver.js
  checksum: 783216b1ad06776dda65c8d24f7e447fd7d129c83f0d2e795b2791d234e2b41b631f5520f8baa5e6e0f1624ffa56f363a20c5f309958cdba8d648cb3dff5d808
  languageName: node
  linkType: hard

"semver@npm:^7.3.7":
  version: 7.5.4
  resolution: "semver@npm:7.5.4"
  dependencies:
    lru-cache: "npm:^6.0.0"
  bin:
    semver: bin/semver.js
  checksum: b06b6c19088f1d7c4a21858a432fc31a766d3a3dbcc6638028e2e85de79f5ec87b849b940f03487d4e366616435ba16bf769f558896addb55ba5ec388ca2ed1b
  languageName: node
  linkType: hard

"setup-ruby@workspace:.":
  version: 0.0.0-use.local
  resolution: "setup-ruby@workspace:."
  dependencies:
    "@actions/cache": "npm:^3"
    "@actions/core": "npm:^1.10.0"
    "@actions/exec": "npm:^1.1.1"
    "@actions/io": "npm:^1.1.2"
    "@actions/tool-cache": "npm:^2"
    "@vercel/ncc": "npm:^0.33.4"
    linux-os-info: "npm:^2.0.0"
    macos-release: "npm:^3.1.0"
    semver: "npm:^7.3.7"
  languageName: unknown
  linkType: soft

"shebang-command@npm:^2.0.0":
  version: 2.0.0
  resolution: "shebang-command@npm:2.0.0"
  dependencies:
    shebang-regex: "npm:^3.0.0"
  checksum: 5907a8d5facbefbd4dc8d21778d2136d5d22d61b5526452d92d46662614f0ed57090e7adf7184fe9d2d5ef75af9f05d7573437e10b37f2e6fdeeeb5f59fd9ada
  languageName: node
  linkType: hard

"shebang-regex@npm:^3.0.0":
  version: 3.0.0
  resolution: "shebang-regex@npm:3.0.0"
  checksum: 6be1588a86ed74d05481d09a6ef6a8db44550fda9785ae08c3df06717abc2e5e9a11804b1d0ac9b0641870c5ebf545e18c8d348bc105ba09227e6a32415ea1d6
  languageName: node
  linkType: hard

"signal-exit@npm:^4.0.1":
  version: 4.1.0
  resolution: "signal-exit@npm:4.1.0"
  checksum: 9925c47b50001235a771dd98519f2a5a52689d022c6554806d62e46cb53ed1aefcdaa151a10e30261e2ae24c1f53c9b3ee6c9f3e4dd428fbf3be7d46220c82f0
  languageName: node
  linkType: hard

"smart-buffer@npm:^4.2.0":
  version: 4.2.0
  resolution: "smart-buffer@npm:4.2.0"
  checksum: 898a5ce4651108164625916aa54b6f7c13e86279a31dd321737d27c4b795cfaaeb1c30417f8809029d80d20710d8a5045998afd35e0f1080b32648f5670aa99b
  languageName: node
  linkType: hard

"socks-proxy-agent@npm:^8.0.3":
  version: 8.0.4
  resolution: "socks-proxy-agent@npm:8.0.4"
  dependencies:
    agent-base: "npm:^7.1.1"
    debug: "npm:^4.3.4"
    socks: "npm:^2.8.3"
  checksum: 022ab303ff663c0a72201e9d89edd2e8dd19b7f64aefd17dd2af4dddd9d2d0364bc508fdadd2051dbf09226f816942678c5fb978b25cc00b9d22533f710fdf84
  languageName: node
  linkType: hard

"socks@npm:^2.8.3":
  version: 2.8.3
  resolution: "socks@npm:2.8.3"
  dependencies:
    ip-address: "npm:^9.0.5"
    smart-buffer: "npm:^4.2.0"
  checksum: 1ab6524a88295b66e4cc5db24a2d2ef1ca167dee8e887ff218639af39e0cb541539647618e0530a9ee9964207f176ff7e1633f3b9539c84fca8b90e789f7c7aa
  languageName: node
  linkType: hard

"sprintf-js@npm:^1.1.3":
  version: 1.1.3
  resolution: "sprintf-js@npm:1.1.3"
  checksum: c36590209857beef1020a51cc1fe892f36fc97434f44451e8595dc496b274ebc68fc079e24994749cd13d0143f7a8ad187b7e07e2991d301cc163cd95632fa9e
  languageName: node
  linkType: hard

"ssri@npm:^10.0.0":
  version: 10.0.6
  resolution: "ssri@npm:10.0.6"
  dependencies:
    minipass: "npm:^7.0.3"
  checksum: e03875beae48f6616f5994ada693b7953231262a60bd62c1830db95c0421307745efe44decb278ecbf3e670dc6a521796e7eaf5f9976ea8848f5873df0b2bc87
  languageName: node
  linkType: hard

"string-width-cjs@npm:string-width@^4.2.0, string-width@npm:^4.1.0":
  version: 4.2.3
  resolution: "string-width@npm:4.2.3"
  dependencies:
    emoji-regex: "npm:^8.0.0"
    is-fullwidth-code-point: "npm:^3.0.0"
    strip-ansi: "npm:^6.0.1"
  checksum: aa0f3e082b461e0dc8c54334ef2c748b777e7529c34d348ee16e69690da45e24f223804d94060633126462e2aa4906d6fbfab882f34036a9f4ccd3dbcd2d6931
  languageName: node
  linkType: hard

"string-width@npm:^5.0.1, string-width@npm:^5.1.2":
  version: 5.1.2
  resolution: "string-width@npm:5.1.2"
  dependencies:
    eastasianwidth: "npm:^0.2.0"
    emoji-regex: "npm:^9.2.2"
    strip-ansi: "npm:^7.0.1"
  checksum: cb2b2392bfd8114452b7adbe578d0472d706e01792a6b7cd35f15fe3afbda37fa26348cb984d01acebd5f9ccdb0e62a0c57cc0ec1fc7c2a5d01ef83e5afd8807
  languageName: node
  linkType: hard

"strip-ansi-cjs@npm:strip-ansi@^6.0.1, strip-ansi@npm:^6.0.0, strip-ansi@npm:^6.0.1":
  version: 6.0.1
  resolution: "strip-ansi@npm:6.0.1"
  dependencies:
    ansi-regex: "npm:^5.0.1"
  checksum: 056ca08f8097351060572eee207ec66247937d7248780a3d643b5eed7d6b5ca6a0990a4f921ffd329e8e9b66427a384237892ac3cb47463adf7d040b154084ec
  languageName: node
  linkType: hard

"strip-ansi@npm:^7.0.1":
  version: 7.1.0
  resolution: "strip-ansi@npm:7.1.0"
  dependencies:
    ansi-regex: "npm:^6.0.1"
  checksum: 09f81cbad0ac6e3dbe1c425429135432e91b1a61b7799587cb38aa24fb661aa5a83eaaf579e241ac1a4cac39fee97501c15226099728e56759abc6846b51917a
  languageName: node
  linkType: hard

"tar@npm:^6.1.11, tar@npm:^6.2.1":
  version: 6.2.1
  resolution: "tar@npm:6.2.1"
  dependencies:
    chownr: "npm:^2.0.0"
    fs-minipass: "npm:^2.0.0"
    minipass: "npm:^5.0.0"
    minizlib: "npm:^2.1.1"
    mkdirp: "npm:^1.0.3"
    yallist: "npm:^4.0.0"
  checksum: 9962954745c9391a30bea9ea53c447a56582dc86cdcc774966246c6a57e5cd84e4e518c55a2f7a8add552c55c5cd0694b493edd19166e8e64118fbbaec7a5f2c
  languageName: node
  linkType: hard

"tr46@npm:~0.0.3":
  version: 0.0.3
  resolution: "tr46@npm:0.0.3"
  checksum: c670667f2df1c0983b48ee7e81d6013ab304f73573e9e4292233821b2219504307bedffc303c32df30813a9138114b8b084c81dea94fb68f08aca7770af98578
  languageName: node
  linkType: hard

"tslib@npm:^1.10.0":
  version: 1.14.1
  resolution: "tslib@npm:1.14.1"
  checksum: 441af59dc42ad4ae57140e62cb362369620c6076845c2c2b0ecc863c1d719ce24fdbc301e9053433fef43075e061bf84b702318ff1204b496a5bba10baf9eb9f
  languageName: node
  linkType: hard

"tslib@npm:^2.2.0":
  version: 2.6.2
  resolution: "tslib@npm:2.6.2"
  checksum: e5654691294dfbc49d7f37c8476b11a90ab8a0af4ad8cc968af1d013600e84ecfcd9a68e1cb89f5dcfe5c88872e3fbacea830d237cfa063498115a88f4bd2de6
  languageName: node
  linkType: hard

"tunnel@npm:0.0.6, tunnel@npm:^0.0.6":
  version: 0.0.6
  resolution: "tunnel@npm:0.0.6"
  checksum: 4b6009e1ed9c1857d58462867cd731f4af255c0406fc982dd0a17735c5c991293bc57a8c0957c5f51dfc3778baa280e399d3e05f1ca4aaf7442349c529b7c89d
  languageName: node
  linkType: hard

"unique-filename@npm:^3.0.0":
  version: 3.0.0
  resolution: "unique-filename@npm:3.0.0"
  dependencies:
    unique-slug: "npm:^4.0.0"
  checksum: 2624a9c87c31ef208bec3ffede4728770b0f8b1c056e546c7f89403ce55bac2f44d02d501ca4c20f853b7c67001ce4d8fb36d0750a58451b03ed85811ef80c77
  languageName: node
  linkType: hard

"unique-slug@npm:^4.0.0":
  version: 4.0.0
  resolution: "unique-slug@npm:4.0.0"
  dependencies:
    imurmurhash: "npm:^0.1.4"
  checksum: 4ba7a8d96a490850f9f5b80fd0f5958ce9369aac12c659405885ab9f1c6b908315cfeef218fed65966160dd9ca811eaa8ca6271f95adf5f70493891e9d852d8f
  languageName: node
  linkType: hard

"uuid@npm:^3.3.2, uuid@npm:^3.3.3":
  version: 3.4.0
  resolution: "uuid@npm:3.4.0"
  bin:
    uuid: ./bin/uuid
  checksum: c84dbfcb94389fea5a09020802df2a1227d183ceabaa5256658194dfad045c83fe72366b64b165b6445a480fac8a75d0e982033f3cb393713674b3cd938063fa
  languageName: node
  linkType: hard

"uuid@npm:^8.3.0, uuid@npm:^8.3.2":
  version: 8.3.2
  resolution: "uuid@npm:8.3.2"
  bin:
    uuid: dist/bin/uuid
  checksum: 236a12282c6fa32f326aa1b6d5699a843572e9ab7de84a1507a6b7c315fdcf55bf6ed333fd37d35c5c656f4cb96af998844e1c8cae281c442a1ec3b66df62962
  languageName: node
  linkType: hard

"webidl-conversions@npm:^3.0.0":
  version: 3.0.1
  resolution: "webidl-conversions@npm:3.0.1"
  checksum: 57c8c5fdd986be5432ea6adacd87d6757144289d3b48b33441e7310bd4f4f6d782dd34acbd74d61e923c142cc50333d27ba58235692fa7248541c0bcce2563e1
  languageName: node
  linkType: hard

"whatwg-url@npm:^5.0.0":
  version: 5.0.0
  resolution: "whatwg-url@npm:5.0.0"
  dependencies:
    tr46: "npm:~0.0.3"
    webidl-conversions: "npm:^3.0.0"
  checksum: bd0cc6b75b84b3d032e30712e2f40eefbc07ecd14f093e87b2f81bb68bce10a3961e8eb646a7a8cc9c2352548fb501eeff668c8b2595fd7c6ea91d1406ce11ee
  languageName: node
  linkType: hard

"which@npm:^2.0.1":
  version: 2.0.2
  resolution: "which@npm:2.0.2"
  dependencies:
    isexe: "npm:^2.0.0"
  bin:
    node-which: ./bin/node-which
  checksum: 3728616c789b289c36ba2572887145e0736f06fe3435b8fef17e27eb5ec0696f61a21e356dd7fa58486346e57186863afa1b6c27c7665f7e674c8124f7f61157
  languageName: node
  linkType: hard

"which@npm:^4.0.0":
  version: 4.0.0
  resolution: "which@npm:4.0.0"
  dependencies:
    isexe: "npm:^3.1.1"
  bin:
    node-which: bin/which.js
  checksum: 7be4b41fa5a747a8cd65bca72b16ee3d33175c1c34a67fc05776ebed3fbb4c0ad63e3c19f64c4f084162568689e74e695308c4df68ba5c92d2d36eb0188b1acf
  languageName: node
  linkType: hard

"wrap-ansi-cjs@npm:wrap-ansi@^7.0.0":
  version: 7.0.0
  resolution: "wrap-ansi@npm:7.0.0"
  dependencies:
    ansi-styles: "npm:^4.0.0"
    string-width: "npm:^4.1.0"
    strip-ansi: "npm:^6.0.0"
  checksum: b72e4a1ebd582221c3d7eae2473c7841af1fd435defe08bb3854600013ced559b10efa767b4fdc6725402ab16b79f86f73e5d4edc7cf9214e15733ee34849aa0
  languageName: node
  linkType: hard

"wrap-ansi@npm:^8.1.0":
  version: 8.1.0
  resolution: "wrap-ansi@npm:8.1.0"
  dependencies:
    ansi-styles: "npm:^6.1.0"
    string-width: "npm:^5.0.1"
    strip-ansi: "npm:^7.0.1"
  checksum: f8df96ddeeb43e497c86085f8b009fd374e046aef37d731d13037dbabc2f3d2ba84aa8e583bdff3011b8ef5274a53832d65bb7dd44b30c033e96ef3d0bb72b57
  languageName: node
  linkType: hard

"xml2js@npm:^0.5.0":
  version: 0.5.0
  resolution: "xml2js@npm:0.5.0"
  dependencies:
    sax: "npm:>=0.6.0"
    xmlbuilder: "npm:~11.0.0"
  checksum: b85b617c918746efcf9a1039bf7fb4b13e725b3d8bfcd757b1fede152af27ad0ef3e161de731cb37bb8eb92c8f71a15171b6674afa836b11a928d4e55dd0cd2e
  languageName: node
  linkType: hard

"xmlbuilder@npm:~11.0.0":
  version: 11.0.1
  resolution: "xmlbuilder@npm:11.0.1"
  checksum: 5de9c0d9f3a376c3c8b66d2898aadcbca8ad4e41bd44551dc12e1bc3c9cb8dad2b6de4937f765d7457e3ff41a3790e8a5a7948f0e2888f7cc562eb62716a496d
  languageName: node
  linkType: hard

"yallist@npm:^4.0.0":
  version: 4.0.0
  resolution: "yallist@npm:4.0.0"
  checksum: cd7fe32508c6942d8b979278fbe13846fe88cd6840d78043d08c6b2c74d67ce38b58bd21618dca8a4e132dcc025fc0e66a7d87ca10cf6ed338465607ebff4378
  languageName: node
  linkType: hard
